
Microsoft Visual Studio Solution File, Format Version 12.00
# Visual Studio Version 17
VisualStudioVersion = 17.0.31521.260
MinimumVisualStudioVersion = 10.0.40219.1
Project("{9A19103F-16F7-4668-BE54-9A1E7A4F7556}") = "Ninject.Extensions.DependencyInjection", "src\Ninject.Extensions.DependencyInjection\Ninject.Extensions.DependencyInjection.csproj", "{C54EEE23-AAF5-459D-A235-E5507811CBD7}"
EndProject
Project("{2150E333-8FDC-42A3-9474-1A3956D46DE8}") = "Solution Files", "Solution Files", "{63A11E71-677A-4052-9944-32A9156B0505}"
	ProjectSection(SolutionItems) = preProject
		.editorconfig = .editorconfig
		.gitignore = .gitignore
		CHANGELOG = CHANGELOG
		LICENSE = LICENSE
		README.md = README.md
	EndProjectSection
EndProject
Project("{9A19103F-16F7-4668-BE54-9A1E7A4F7556}") = "Ninject.Extensions.DependencyInjection.ComplianceTest", "test\Ninject.Extensions.DependencyInjection.ComplianceTest\Ninject.Extensions.DependencyInjection.ComplianceTest.csproj", "{238FACAF-E2C4-445A-9C63-C3A0AC59B098}"
EndProject
Project("{2150E333-8FDC-42A3-9474-1A3956D46DE8}") = "test", "test", "{C04A967C-A1FA-486B-AEEC-83C9FCFFE709}"
EndProject
Project("{2150E333-8FDC-42A3-9474-1A3956D46DE8}") = "src", "src", "{7CD21301-1E19-44AD-A9C9-178F9418849C}"
EndProject
Project("{FAE04EC0-301F-11D3-BF4B-00C04F79EFBC}") = "Integration.Net5", "test\Integration.Net5\Integration.Net5.csproj", "{5B963EF6-DBBD-45C6-B3DA-7846CC063B20}"
EndProject
Project("{FAE04EC0-301F-11D3-BF4B-00C04F79EFBC}") = "Integration.Net6", "test\Integration.Net6\Integration.Net6.csproj", "{EF979E32-AF72-4B20-B5F0-37160074EE8F}"
EndProject
Project("{FAE04EC0-301F-11D3-BF4B-00C04F79EFBC}") = "Ninject.Extensions.DependencyInjection.Integration.Test", "test\Ninject.Extensions.DependencyInjection.Integration.Test\Ninject.Extensions.DependencyInjection.Integration.Test.csproj", "{936E3A30-4E1C-4CE6-A561-A22827E6E136}"
EndProject
Project("{FAE04EC0-301F-11D3-BF4B-00C04F79EFBC}") = "Integration.Net7", "test\Integration.Net7\Integration.Net7.csproj", "{313D51A5-BA90-4611-B4FE-EEF78C8485CF}"
EndProject
Global
	GlobalSection(SolutionConfigurationPlatforms) = preSolution
		Debug|Any CPU = Debug|Any CPU
		Release|Any CPU = Release|Any CPU
	EndGlobalSection
	GlobalSection(ProjectConfigurationPlatforms) = postSolution
		{C54EEE23-AAF5-459D-A235-E5507811CBD7}.Debug|Any CPU.ActiveCfg = Debug|Any CPU
		{C54EEE23-AAF5-459D-A235-E5507811CBD7}.Debug|Any CPU.Build.0 = Debug|Any CPU
		{C54EEE23-AAF5-459D-A235-E5507811CBD7}.Release|Any CPU.ActiveCfg = Release|Any CPU
		{C54EEE23-AAF5-459D-A235-E5507811CBD7}.Release|Any CPU.Build.0 = Release|Any CPU
		{238FACAF-E2C4-445A-9C63-C3A0AC59B098}.Debug|Any CPU.ActiveCfg = Debug|Any CPU
		{238FACAF-E2C4-445A-9C63-C3A0AC59B098}.Debug|Any CPU.Build.0 = Debug|Any CPU
		{238FACAF-E2C4-445A-9C63-C3A0AC59B098}.Release|Any CPU.ActiveCfg = Release|Any CPU
		{238FACAF-E2C4-445A-9C63-C3A0AC59B098}.Release|Any CPU.Build.0 = Release|Any CPU
		{5B963EF6-DBBD-45C6-B3DA-7846CC063B20}.Debug|Any CPU.ActiveCfg = Debug|Any CPU
		{5B963EF6-DBBD-45C6-B3DA-7846CC063B20}.Debug|Any CPU.Build.0 = Debug|Any CPU
		{5B963EF6-DBBD-45C6-B3DA-7846CC063B20}.Release|Any CPU.ActiveCfg = Release|Any CPU
		{5B963EF6-DBBD-45C6-B3DA-7846CC063B20}.Release|Any CPU.Build.0 = Release|Any CPU
		{EF979E32-AF72-4B20-B5F0-37160074EE8F}.Debug|Any CPU.ActiveCfg = Debug|Any CPU
		{EF979E32-AF72-4B20-B5F0-37160074EE8F}.Debug|Any CPU.Build.0 = Debug|Any CPU
		{EF979E32-AF72-4B20-B5F0-37160074EE8F}.Release|Any CPU.ActiveCfg = Release|Any CPU
		{EF979E32-AF72-4B20-B5F0-37160074EE8F}.Release|Any CPU.Build.0 = Release|Any CPU
		{936E3A30-4E1C-4CE6-A561-A22827E6E136}.Debug|Any CPU.ActiveCfg = Debug|Any CPU
		{936E3A30-4E1C-4CE6-A561-A22827E6E136}.Debug|Any CPU.Build.0 = Debug|Any CPU
		{936E3A30-4E1C-4CE6-A561-A22827E6E136}.Release|Any CPU.ActiveCfg = Release|Any CPU
		{936E3A30-4E1C-4CE6-A561-A22827E6E136}.Release|Any CPU.Build.0 = Release|Any CPU
		{313D51A5-BA90-4611-B4FE-EEF78C8485CF}.Debug|Any CPU.ActiveCfg = Debug|Any CPU
		{313D51A5-BA90-4611-B4FE-EEF78C8485CF}.Debug|Any CPU.Build.0 = Debug|Any CPU
		{313D51A5-BA90-4611-B4FE-EEF78C8485CF}.Release|Any CPU.ActiveCfg = Release|Any CPU
		{313D51A5-BA90-4611-B4FE-EEF78C8485CF}.Release|Any CPU.Build.0 = Release|Any CPU
	EndGlobalSection
	GlobalSection(SolutionProperties) = preSolution
		HideSolutionNode = FALSE
	EndGlobalSection
	GlobalSection(ExtensibilityGlobals) = postSolution
		SolutionGuid = {941ED31F-9580-4CA2-BB00-089C5871B095}
	EndGlobalSection
	GlobalSection(NestedProjects) = preSolution
		{C54EEE23-AAF5-459D-A235-E5507811CBD7} = {7CD21301-1E19-44AD-A9C9-178F9418849C}
		{238FACAF-E2C4-445A-9C63-C3A0AC59B098} = {C04A967C-A1FA-486B-AEEC-83C9FCFFE709}
		{5B963EF6-DBBD-45C6-B3DA-7846CC063B20} = {C04A967C-A1FA-486B-AEEC-83C9FCFFE709}
		{EF979E32-AF72-4B20-B5F0-37160074EE8F} = {C04A967C-A1FA-486B-AEEC-83C9FCFFE709}
		{936E3A30-4E1C-4CE6-A561-A22827E6E136} = {C04A967C-A1FA-486B-AEEC-83C9FCFFE709}
		{313D51A5-BA90-4611-B4FE-EEF78C8485CF} = {C04A967C-A1FA-486B-AEEC-83C9FCFFE709}
	EndGlobalSection
EndGlobal
